
Microsoft Visual Studio Solution File, Format Version 12.00
# Visual Studio 15
VisualStudioVersion = 15.0.27130.2020
MinimumVisualStudioVersion = 10.0.40219.1
Project("{8BC9CEB8-8B4A-11D0-8D11-00A0C91BC942}") = "CosmosGame", "CosmosGame\CosmosGame.vcxproj", "{EE1E42DA-4CCF-45FA-94DB-D1BCAF2764BA}"
	ProjectSection(ProjectDependencies) = postProject
		{1A8000FF-04F4-4D3A-B6FB-47E9342CE22B} = {1A8000FF-04F4-4D3A-B6FB-47E9342CE22B}
	EndProjectSection
EndProject
Project("{8BC9CEB8-8B4A-11D0-8D11-00A0C91BC942}") = "CosmosRendererLib", "CosmosRendererLib\CosmosRendererLib.vcxproj", "{1A8000FF-04F4-4D3A-B6FB-47E9342CE22B}"
EndProject
Project("{8BC9CEB8-8B4A-11D0-8D11-00A0C91BC942}") = "GameEngineLib", "GameEngineLib\GameEngineLib.vcxproj", "{5767443A-4CD7-4E4D-B94F-CF8596EA63DF}"
EndProject
Project("{8BC9CEB8-8B4A-11D0-8D11-00A0C91BC942}") = "GameSpecificsLib", "GameSpecificsLib\GameSpecificsLib.vcxproj", "{20406D44-5955-4CEA-ACE9-9432A3010A6A}"
EndProject
Project("{8BC9CEB8-8B4A-11D0-8D11-00A0C91BC942}") = "GalaxyDatabaseGenerator", "GalaxyDatabaseGenerator\GalaxyDatabaseGenerator.vcxproj", "{3CEC7E5C-96EA-4EC7-90E1-824B1F8AC82A}"
EndProject
Project("{8BC9CEB8-8B4A-11D0-8D11-00A0C91BC942}") = "CelestialBodyEditor", "CelestialBodyEditor\CelestialBodyEditor.vcxproj", "{4608E0BF-1903-44B6-A914-94034D6F29C4}"
	ProjectSection(ProjectDependencies) = postProject
		{1A8000FF-04F4-4D3A-B6FB-47E9342CE22B} = {1A8000FF-04F4-4D3A-B6FB-47E9342CE22B}
	EndProjectSection
EndProject
Project("{8BC9CEB8-8B4A-11D0-8D11-00A0C91BC942}") = "CosmosScripting", "CosmosScripting\CosmosScripting.vcxproj", "{EAD3A653-3989-43F3-A10F-31DE60F65374}"
EndProject
Global
	GlobalSection(SolutionConfigurationPlatforms) = preSolution
		Debug|x64 = Debug|x64
		Debug|x86 = Debug|x86
		Release|x64 = Release|x64
		Release|x86 = Release|x86
	EndGlobalSection
	GlobalSection(ProjectConfigurationPlatforms) = postSolution
		{EE1E42DA-4CCF-45FA-94DB-D1BCAF2764BA}.Debug|x64.ActiveCfg = Debug|x64
		{EE1E42DA-4CCF-45FA-94DB-D1BCAF2764BA}.Debug|x64.Build.0 = Debug|x64
		{EE1E42DA-4CCF-45FA-94DB-D1BCAF2764BA}.Debug|x86.ActiveCfg = Debug|Win32
		{EE1E42DA-4CCF-45FA-94DB-D1BCAF2764BA}.Debug|x86.Build.0 = Debug|Win32
		{EE1E42DA-4CCF-45FA-94DB-D1BCAF2764BA}.Release|x64.ActiveCfg = Release|x64
		{EE1E42DA-4CCF-45FA-94DB-D1BCAF2764BA}.Release|x64.Build.0 = Release|x64
		{EE1E42DA-4CCF-45FA-94DB-D1BCAF2764BA}.Release|x86.ActiveCfg = Release|Win32
		{EE1E42DA-4CCF-45FA-94DB-D1BCAF2764BA}.Release|x86.Build.0 = Release|Win32
		{1A8000FF-04F4-4D3A-B6FB-47E9342CE22B}.Debug|x64.ActiveCfg = Debug|x64
		{1A8000FF-04F4-4D3A-B6FB-47E9342CE22B}.Debug|x64.Build.0 = Debug|x64
		{1A8000FF-04F4-4D3A-B6FB-47E9342CE22B}.Debug|x86.ActiveCfg = Debug|Win32
		{1A8000FF-04F4-4D3A-B6FB-47E9342CE22B}.Debug|x86.Build.0 = Debug|Win32
		{1A8000FF-04F4-4D3A-B6FB-47E9342CE22B}.Release|x64.ActiveCfg = Release|x64
		{1A8000FF-04F4-4D3A-B6FB-47E9342CE22B}.Release|x64.Build.0 = Release|x64
		{1A8000FF-04F4-4D3A-B6FB-47E9342CE22B}.Release|x86.ActiveCfg = Release|Win32
		{1A8000FF-04F4-4D3A-B6FB-47E9342CE22B}.Release|x86.Build.0 = Release|Win32
		{5767443A-4CD7-4E4D-B94F-CF8596EA63DF}.Debug|x64.ActiveCfg = Debug|x64
		{5767443A-4CD7-4E4D-B94F-CF8596EA63DF}.Debug|x64.Build.0 = Debug|x64
		{5767443A-4CD7-4E4D-B94F-CF8596EA63DF}.Debug|x86.ActiveCfg = Debug|Win32
		{5767443A-4CD7-4E4D-B94F-CF8596EA63DF}.Debug|x86.Build.0 = Debug|Win32
		{5767443A-4CD7-4E4D-B94F-CF8596EA63DF}.Release|x64.ActiveCfg = Release|x64
		{5767443A-4CD7-4E4D-B94F-CF8596EA63DF}.Release|x64.Build.0 = Release|x64
		{5767443A-4CD7-4E4D-B94F-CF8596EA63DF}.Release|x86.ActiveCfg = Release|Win32
		{5767443A-4CD7-4E4D-B94F-CF8596EA63DF}.Release|x86.Build.0 = Release|Win32
		{20406D44-5955-4CEA-ACE9-9432A3010A6A}.Debug|x64.ActiveCfg = Debug|x64
		{20406D44-5955-4CEA-ACE9-9432A3010A6A}.Debug|x64.Build.0 = Debug|x64
		{20406D44-5955-4CEA-ACE9-9432A3010A6A}.Debug|x86.ActiveCfg = Debug|Win32
		{20406D44-5955-4CEA-ACE9-9432A3010A6A}.Debug|x86.Build.0 = Debug|Win32
		{20406D44-5955-4CEA-ACE9-9432A3010A6A}.Release|x64.ActiveCfg = Release|x64
		{20406D44-5955-4CEA-ACE9-9432A3010A6A}.Release|x64.Build.0 = Release|x64
		{20406D44-5955-4CEA-ACE9-9432A3010A6A}.Release|x86.ActiveCfg = Release|Win32
		{20406D44-5955-4CEA-ACE9-9432A3010A6A}.Release|x86.Build.0 = Release|Win32
		{3CEC7E5C-96EA-4EC7-90E1-824B1F8AC82A}.Debug|x64.ActiveCfg = Debug|x64
		{3CEC7E5C-96EA-4EC7-90E1-824B1F8AC82A}.Debug|x64.Build.0 = Debug|x64
		{3CEC7E5C-96EA-4EC7-90E1-824B1F8AC82A}.Debug|x86.ActiveCfg = Debug|Win32
		{3CEC7E5C-96EA-4EC7-90E1-824B1F8AC82A}.Debug|x86.Build.0 = Debug|Win32
		{3CEC7E5C-96EA-4EC7-90E1-824B1F8AC82A}.Release|x64.ActiveCfg = Release|x64
		{3CEC7E5C-96EA-4EC7-90E1-824B1F8AC82A}.Release|x64.Build.0 = Release|x64
		{3CEC7E5C-96EA-4EC7-90E1-824B1F8AC82A}.Release|x86.ActiveCfg = Release|Win32
		{3CEC7E5C-96EA-4EC7-90E1-824B1F8AC82A}.Release|x86.Build.0 = Release|Win32
		{4608E0BF-1903-44B6-A914-94034D6F29C4}.Debug|x64.ActiveCfg = Debug|x64
		{4608E0BF-1903-44B6-A914-94034D6F29C4}.Debug|x64.Build.0 = Debug|x64
		{4608E0BF-1903-44B6-A914-94034D6F29C4}.Debug|x86.ActiveCfg = Debug|Win32
		{4608E0BF-1903-44B6-A914-94034D6F29C4}.Debug|x86.Build.0 = Debug|Win32
		{4608E0BF-1903-44B6-A914-94034D6F29C4}.Release|x64.ActiveCfg = Release|x64
		{4608E0BF-1903-44B6-A914-94034D6F29C4}.Release|x64.Build.0 = Release|x64
		{4608E0BF-1903-44B6-A914-94034D6F29C4}.Release|x86.ActiveCfg = Release|Win32
		{4608E0BF-1903-44B6-A914-94034D6F29C4}.Release|x86.Build.0 = Release|Win32
		{EAD3A653-3989-43F3-A10F-31DE60F65374}.Debug|x64.ActiveCfg = Debug|x64
		{EAD3A653-3989-43F3-A10F-31DE60F65374}.Debug|x64.Build.0 = Debug|x64
		{EAD3A653-3989-43F3-A10F-31DE60F65374}.Debug|x86.ActiveCfg = Debug|Win32
		{EAD3A653-3989-43F3-A10F-31DE60F65374}.Debug|x86.Build.0 = Debug|Win32
		{EAD3A653-3989-43F3-A10F-31DE60F65374}.Release|x64.ActiveCfg = Release|x64
		{EAD3A653-3989-43F3-A10F-31DE60F65374}.Release|x64.Build.0 = Release|x64
		{EAD3A653-3989-43F3-A10F-31DE60F65374}.Release|x86.ActiveCfg = Release|Win32
		{EAD3A653-3989-43F3-A10F-31DE60F65374}.Release|x86.Build.0 = Release|Win32
	EndGlobalSection
	GlobalSection(SolutionProperties) = preSolution
		HideSolutionNode = FALSE
	EndGlobalSection
	GlobalSection(ExtensibilityGlobals) = postSolution
		SolutionGuid = {B0544306-D321-4798-986C-CA13C8D3C113}
	EndGlobalSection
EndGlobal
