
Microsoft Visual Studio Solution File, Format Version 12.00
# Visual Studio 15
VisualStudioVersion = 15.0.27130.2020
MinimumVisualStudioVersion = 10.0.40219.1
Project("{8BC9CEB8-8B4A-11D0-8D11-00A0C91BC942}") = "CosmosRendererLib", "CosmosRendererLib\CosmosRendererLib.vcxproj", "{1A8000FF-04F4-4D3A-B6FB-47E9342CE22B}"
	ProjectSection(ProjectDependencies) = postProject
		{D3180D84-75F1-4053-9621-4E92A9D63AD1} = {D3180D84-75F1-4053-9621-4E92A9D63AD1}
		{E68901DA-AB4F-4D1B-B721-479CA6F6F825} = {E68901DA-AB4F-4D1B-B721-479CA6F6F825}
	EndProjectSection
EndProject
Project("{8BC9CEB8-8B4A-11D0-8D11-00A0C91BC942}") = "GameEngineLib", "GameEngineLib\GameEngineLib.vcxproj", "{5767443A-4CD7-4E4D-B94F-CF8596EA63DF}"
	ProjectSection(ProjectDependencies) = postProject
		{E68901DA-AB4F-4D1B-B721-479CA6F6F825} = {E68901DA-AB4F-4D1B-B721-479CA6F6F825}
	EndProjectSection
EndProject
Project("{8BC9CEB8-8B4A-11D0-8D11-00A0C91BC942}") = "GalaxyDatabaseGenerator", "GalaxyDatabaseGenerator\GalaxyDatabaseGenerator.vcxproj", "{3CEC7E5C-96EA-4EC7-90E1-824B1F8AC82A}"
	ProjectSection(ProjectDependencies) = postProject
		{E68901DA-AB4F-4D1B-B721-479CA6F6F825} = {E68901DA-AB4F-4D1B-B721-479CA6F6F825}
		{1A8000FF-04F4-4D3A-B6FB-47E9342CE22B} = {1A8000FF-04F4-4D3A-B6FB-47E9342CE22B}
	EndProjectSection
EndProject
Project("{8BC9CEB8-8B4A-11D0-8D11-00A0C91BC942}") = "CelestialBodyEditor", "CelestialBodyEditor\CelestialBodyEditor.vcxproj", "{4608E0BF-1903-44B6-A914-94034D6F29C4}"
	ProjectSection(ProjectDependencies) = postProject
		{5767443A-4CD7-4E4D-B94F-CF8596EA63DF} = {5767443A-4CD7-4E4D-B94F-CF8596EA63DF}
		{3CEC7E5C-96EA-4EC7-90E1-824B1F8AC82A} = {3CEC7E5C-96EA-4EC7-90E1-824B1F8AC82A}
		{E68901DA-AB4F-4D1B-B721-479CA6F6F825} = {E68901DA-AB4F-4D1B-B721-479CA6F6F825}
		{1A8000FF-04F4-4D3A-B6FB-47E9342CE22B} = {1A8000FF-04F4-4D3A-B6FB-47E9342CE22B}
	EndProjectSection
EndProject
Project("{8BC9CEB8-8B4A-11D0-8D11-00A0C91BC942}") = "UnitTests", "UnitTests\UnitTests.vcxproj", "{66A076BC-2077-416B-BA53-B639FF526A79}"
	ProjectSection(ProjectDependencies) = postProject
		{5767443A-4CD7-4E4D-B94F-CF8596EA63DF} = {5767443A-4CD7-4E4D-B94F-CF8596EA63DF}
		{1A8000FF-04F4-4D3A-B6FB-47E9342CE22B} = {1A8000FF-04F4-4D3A-B6FB-47E9342CE22B}
	EndProjectSection
EndProject
Project("{8BC9CEB8-8B4A-11D0-8D11-00A0C91BC942}") = "SQLiteSupport", "SQLiteSupport\SQLiteSupport.vcxproj", "{E68901DA-AB4F-4D1B-B721-479CA6F6F825}"
EndProject
Project("{8BC9CEB8-8B4A-11D0-8D11-00A0C91BC942}") = "UtilitiesLib", "UtilitiesLib\UtilitiesLib.vcxproj", "{D3180D84-75F1-4053-9621-4E92A9D63AD1}"
EndProject
Global
	GlobalSection(SolutionConfigurationPlatforms) = preSolution
		Debug|x64 = Debug|x64
		Debug|x86 = Debug|x86
		Release|x64 = Release|x64
		Release|x86 = Release|x86
	EndGlobalSection
	GlobalSection(ProjectConfigurationPlatforms) = postSolution
		{1A8000FF-04F4-4D3A-B6FB-47E9342CE22B}.Debug|x64.ActiveCfg = Debug|x64
		{1A8000FF-04F4-4D3A-B6FB-47E9342CE22B}.Debug|x64.Build.0 = Debug|x64
		{1A8000FF-04F4-4D3A-B6FB-47E9342CE22B}.Debug|x64.Deploy.0 = Debug|x64
		{1A8000FF-04F4-4D3A-B6FB-47E9342CE22B}.Debug|x86.ActiveCfg = Debug|Win32
		{1A8000FF-04F4-4D3A-B6FB-47E9342CE22B}.Debug|x86.Build.0 = Debug|Win32
		{1A8000FF-04F4-4D3A-B6FB-47E9342CE22B}.Debug|x86.Deploy.0 = Debug|Win32
		{1A8000FF-04F4-4D3A-B6FB-47E9342CE22B}.Release|x64.ActiveCfg = Release|x64
		{1A8000FF-04F4-4D3A-B6FB-47E9342CE22B}.Release|x64.Build.0 = Release|x64
		{1A8000FF-04F4-4D3A-B6FB-47E9342CE22B}.Release|x86.ActiveCfg = Release|Win32
		{1A8000FF-04F4-4D3A-B6FB-47E9342CE22B}.Release|x86.Build.0 = Release|Win32
		{5767443A-4CD7-4E4D-B94F-CF8596EA63DF}.Debug|x64.ActiveCfg = Debug|x64
		{5767443A-4CD7-4E4D-B94F-CF8596EA63DF}.Debug|x64.Build.0 = Debug|x64
		{5767443A-4CD7-4E4D-B94F-CF8596EA63DF}.Debug|x64.Deploy.0 = Debug|x64
		{5767443A-4CD7-4E4D-B94F-CF8596EA63DF}.Debug|x86.ActiveCfg = Debug|Win32
		{5767443A-4CD7-4E4D-B94F-CF8596EA63DF}.Debug|x86.Build.0 = Debug|Win32
		{5767443A-4CD7-4E4D-B94F-CF8596EA63DF}.Debug|x86.Deploy.0 = Debug|Win32
		{5767443A-4CD7-4E4D-B94F-CF8596EA63DF}.Release|x64.ActiveCfg = Release|x64
		{5767443A-4CD7-4E4D-B94F-CF8596EA63DF}.Release|x64.Build.0 = Release|x64
		{5767443A-4CD7-4E4D-B94F-CF8596EA63DF}.Release|x86.ActiveCfg = Release|Win32
		{5767443A-4CD7-4E4D-B94F-CF8596EA63DF}.Release|x86.Build.0 = Release|Win32
		{3CEC7E5C-96EA-4EC7-90E1-824B1F8AC82A}.Debug|x64.ActiveCfg = Debug|x64
		{3CEC7E5C-96EA-4EC7-90E1-824B1F8AC82A}.Debug|x64.Build.0 = Debug|x64
		{3CEC7E5C-96EA-4EC7-90E1-824B1F8AC82A}.Debug|x64.Deploy.0 = Debug|x64
		{3CEC7E5C-96EA-4EC7-90E1-824B1F8AC82A}.Debug|x86.ActiveCfg = Debug|Win32
		{3CEC7E5C-96EA-4EC7-90E1-824B1F8AC82A}.Debug|x86.Build.0 = Debug|Win32
		{3CEC7E5C-96EA-4EC7-90E1-824B1F8AC82A}.Debug|x86.Deploy.0 = Debug|Win32
		{3CEC7E5C-96EA-4EC7-90E1-824B1F8AC82A}.Release|x64.ActiveCfg = Release|x64
		{3CEC7E5C-96EA-4EC7-90E1-824B1F8AC82A}.Release|x64.Build.0 = Release|x64
		{3CEC7E5C-96EA-4EC7-90E1-824B1F8AC82A}.Release|x86.ActiveCfg = Release|Win32
		{3CEC7E5C-96EA-4EC7-90E1-824B1F8AC82A}.Release|x86.Build.0 = Release|Win32
		{4608E0BF-1903-44B6-A914-94034D6F29C4}.Debug|x64.ActiveCfg = Debug|x64
		{4608E0BF-1903-44B6-A914-94034D6F29C4}.Debug|x64.Build.0 = Debug|x64
		{4608E0BF-1903-44B6-A914-94034D6F29C4}.Debug|x64.Deploy.0 = Debug|x64
		{4608E0BF-1903-44B6-A914-94034D6F29C4}.Debug|x86.ActiveCfg = Debug|Win32
		{4608E0BF-1903-44B6-A914-94034D6F29C4}.Debug|x86.Build.0 = Debug|Win32
		{4608E0BF-1903-44B6-A914-94034D6F29C4}.Debug|x86.Deploy.0 = Debug|Win32
		{4608E0BF-1903-44B6-A914-94034D6F29C4}.Release|x64.ActiveCfg = Release|x64
		{4608E0BF-1903-44B6-A914-94034D6F29C4}.Release|x64.Build.0 = Release|x64
		{4608E0BF-1903-44B6-A914-94034D6F29C4}.Release|x86.ActiveCfg = Release|Win32
		{4608E0BF-1903-44B6-A914-94034D6F29C4}.Release|x86.Build.0 = Release|Win32
		{66A076BC-2077-416B-BA53-B639FF526A79}.Debug|x64.ActiveCfg = Debug|x64
		{66A076BC-2077-416B-BA53-B639FF526A79}.Debug|x64.Build.0 = Debug|x64
		{66A076BC-2077-416B-BA53-B639FF526A79}.Debug|x86.ActiveCfg = Debug|Win32
		{66A076BC-2077-416B-BA53-B639FF526A79}.Debug|x86.Build.0 = Debug|Win32
		{66A076BC-2077-416B-BA53-B639FF526A79}.Release|x64.ActiveCfg = Release|x64
		{66A076BC-2077-416B-BA53-B639FF526A79}.Release|x64.Build.0 = Release|x64
		{66A076BC-2077-416B-BA53-B639FF526A79}.Release|x86.ActiveCfg = Release|Win32
		{66A076BC-2077-416B-BA53-B639FF526A79}.Release|x86.Build.0 = Release|Win32
		{E68901DA-AB4F-4D1B-B721-479CA6F6F825}.Debug|x64.ActiveCfg = Debug|x64
		{E68901DA-AB4F-4D1B-B721-479CA6F6F825}.Debug|x64.Build.0 = Debug|x64
		{E68901DA-AB4F-4D1B-B721-479CA6F6F825}.Debug|x86.ActiveCfg = Debug|Win32
		{E68901DA-AB4F-4D1B-B721-479CA6F6F825}.Debug|x86.Build.0 = Debug|Win32
		{E68901DA-AB4F-4D1B-B721-479CA6F6F825}.Release|x64.ActiveCfg = Release|x64
		{E68901DA-AB4F-4D1B-B721-479CA6F6F825}.Release|x64.Build.0 = Release|x64
		{E68901DA-AB4F-4D1B-B721-479CA6F6F825}.Release|x86.ActiveCfg = Release|Win32
		{E68901DA-AB4F-4D1B-B721-479CA6F6F825}.Release|x86.Build.0 = Release|Win32
		{D3180D84-75F1-4053-9621-4E92A9D63AD1}.Debug|x64.ActiveCfg = Debug|x64
		{D3180D84-75F1-4053-9621-4E92A9D63AD1}.Debug|x64.Build.0 = Debug|x64
		{D3180D84-75F1-4053-9621-4E92A9D63AD1}.Debug|x86.ActiveCfg = Debug|Win32
		{D3180D84-75F1-4053-9621-4E92A9D63AD1}.Debug|x86.Build.0 = Debug|Win32
		{D3180D84-75F1-4053-9621-4E92A9D63AD1}.Release|x64.ActiveCfg = Release|x64
		{D3180D84-75F1-4053-9621-4E92A9D63AD1}.Release|x64.Build.0 = Release|x64
		{D3180D84-75F1-4053-9621-4E92A9D63AD1}.Release|x86.ActiveCfg = Release|Win32
		{D3180D84-75F1-4053-9621-4E92A9D63AD1}.Release|x86.Build.0 = Release|Win32
	EndGlobalSection
	GlobalSection(SolutionProperties) = preSolution
		HideSolutionNode = FALSE
	EndGlobalSection
	GlobalSection(ExtensibilityGlobals) = postSolution
		SolutionGuid = {B0544306-D321-4798-986C-CA13C8D3C113}
	EndGlobalSection
EndGlobal
